
Microsoft Visual Studio Solution File, Format Version 12.00
# Visual Studio Version 17
VisualStudioVersion = 17.4.33213.308
MinimumVisualStudioVersion = 10.0.40219.1
Project("{FAE04EC0-301F-11D3-BF4B-00C04F79EFBC}") = "modul4_1302210059", "modul4_1302210059\modul4_1302210059.csproj", "{2CC2A99A-F5A2-41B8-820E-F8792EAFDA73}"
EndProject
Global
	GlobalSection(SolutionConfigurationPlatforms) = preSolution
		Debug|Any CPU = Debug|Any CPU
		Release|Any CPU = Release|Any CPU
	EndGlobalSection
	GlobalSection(ProjectConfigurationPlatforms) = postSolution
		{2CC2A99A-F5A2-41B8-820E-F8792EAFDA73}.Debug|Any CPU.ActiveCfg = Debug|Any CPU
		{2CC2A99A-F5A2-41B8-820E-F8792EAFDA73}.Debug|Any CPU.Build.0 = Debug|Any CPU
		{2CC2A99A-F5A2-41B8-820E-F8792EAFDA73}.Release|Any CPU.ActiveCfg = Release|Any CPU
		{2CC2A99A-F5A2-41B8-820E-F8792EAFDA73}.Release|Any CPU.Build.0 = Release|Any CPU
	EndGlobalSection
	GlobalSection(SolutionProperties) = preSolution
		HideSolutionNode = FALSE
	EndGlobalSection
	GlobalSection(ExtensibilityGlobals) = postSolution
		SolutionGuid = {88951A47-6B39-44F7-9393-7F57755ABD60}
	EndGlobalSection
EndGlobal
